
Microsoft Visual Studio Solution File, Format Version 12.00
# Visual Studio Version 16
VisualStudioVersion = 16.0.29709.97
MinimumVisualStudioVersion = 10.0.40219.1
Project("{2150E333-8FDC-42A3-9474-1A3956D46DE8}") = "1 - Presentacion", "1 - Presentacion", "{36E57ECC-A1BC-49E9-85BC-F3B24C0C1D43}"
EndProject
Project("{2150E333-8FDC-42A3-9474-1A3956D46DE8}") = "2- Aplicacion", "2- Aplicacion", "{160E8B13-597F-49B4-A978-B40ECE324522}"
EndProject
Project("{2150E333-8FDC-42A3-9474-1A3956D46DE8}") = "5 - Infraestructura", "5 - Infraestructura", "{D892D28D-F315-416E-BFBD-FCA1A8AA7659}"
EndProject
Project("{2150E333-8FDC-42A3-9474-1A3956D46DE8}") = "3 -  Servicios", "3 -  Servicios", "{17E927AF-CF31-42CA-B46D-49B5265855B1}"
EndProject
Project("{2150E333-8FDC-42A3-9474-1A3956D46DE8}") = "4 - Dominio", "4 - Dominio", "{873BEE3C-92D4-4027-9A1F-ACC47CDD920B}"
EndProject
Project("{2150E333-8FDC-42A3-9474-1A3956D46DE8}") = "1.1 - Web", "1.1 - Web", "{B10C53AA-E135-4F7F-99AB-8F111C0A95C8}"
EndProject
Project("{2150E333-8FDC-42A3-9474-1A3956D46DE8}") = "2.1 - Mobile", "2.1 - Mobile", "{53C2086D-7F84-498E-B2DE-21C99157A0F1}"
EndProject
Project("{9A19103F-16F7-4668-BE54-9A1E7A4F7556}") = "Cine.Infraestructura", "Cine.Infraestructura\Cine.Infraestructura.csproj", "{F2E48BF3-2360-4F85-A465-CA3559C87CB1}"
EndProject
Project("{9A19103F-16F7-4668-BE54-9A1E7A4F7556}") = "Cine.Dominio", "Cine.Dominio\Cine.Dominio.csproj", "{C49EA2F6-A33F-486A-937B-63A4F6DECDFB}"
EndProject
Project("{2150E333-8FDC-42A3-9474-1A3956D46DE8}") = "3.1 Interfaces", "3.1 Interfaces", "{97C3CFD3-D4A9-45E5-B771-2BDC3D8B8004}"
EndProject
Project("{2150E333-8FDC-42A3-9474-1A3956D46DE8}") = "3.2 Implementacion", "3.2 Implementacion", "{DB55CDD4-2FE7-4654-8EB0-9F617CE31844}"
EndProject
Project("{9A19103F-16F7-4668-BE54-9A1E7A4F7556}") = "Cine.Interfaces", "Cine.Interfaces\Cine.Interfaces.csproj", "{7D28B53C-212D-49E0-BA1F-4049F295EECD}"
EndProject
Project("{9A19103F-16F7-4668-BE54-9A1E7A4F7556}") = "Cine.Implementacion", "Cine.Implementacion\Cine.Implementacion.csproj", "{ECCE7FE1-D8F2-4869-84C5-C0875E39B37C}"
EndProject
Project("{2150E333-8FDC-42A3-9474-1A3956D46DE8}") = "2.1 Conexion", "2.1 Conexion", "{4DC7BF23-6AE2-4563-A65E-7EF7D0034AE6}"
EndProject
Project("{2150E333-8FDC-42A3-9474-1A3956D46DE8}") = "2.2 Constantes", "2.2 Constantes", "{E6514832-92AB-4812-91EC-885F1CCB6C32}"
EndProject
Project("{2150E333-8FDC-42A3-9474-1A3956D46DE8}") = "2.3 IoC", "2.3 IoC", "{5A447A84-8831-43EC-A768-64AF190F15C1}"
EndProject
Project("{2150E333-8FDC-42A3-9474-1A3956D46DE8}") = "2.4 Api", "2.4 Api", "{04E91A10-39C1-4D02-BEA0-7FA7DDC105FE}"
EndProject
Project("{9A19103F-16F7-4668-BE54-9A1E7A4F7556}") = "Cine.ConexionSql", "ConexionSql\Cine.ConexionSql.csproj", "{439ACF65-84FC-409A-9D09-B314FE6B77A6}"
EndProject
Project("{9A19103F-16F7-4668-BE54-9A1E7A4F7556}") = "Cine.Constantes", "Cine.Constantes\Cine.Constantes.csproj", "{3B1CBDAC-C46C-4795-B667-391CD24F7BC1}"
EndProject
Project("{2150E333-8FDC-42A3-9474-1A3956D46DE8}") = "3.3 AutoMapper", "3.3 AutoMapper", "{FEC0339B-76CB-4A77-8142-C93A90229BA9}"
EndProject
Project("{9A19103F-16F7-4668-BE54-9A1E7A4F7556}") = "Mapper", "Mapper\Mapper.csproj", "{45AA1FE5-DB97-4243-A82B-3A0A24CEE4BE}"
EndProject
Project("{9A19103F-16F7-4668-BE54-9A1E7A4F7556}") = "HelpersServicios", "HelpersServicios\HelpersServicios.csproj", "{C946053C-6D64-4A4C-ACA0-113DC53CB6D7}"
EndProject
Project("{9A19103F-16F7-4668-BE54-9A1E7A4F7556}") = "IoC", "IoC\IoC.csproj", "{4CB901F5-8019-491A-8D10-FE10177EA377}"
EndProject
Project("{2150E333-8FDC-42A3-9474-1A3956D46DE8}") = "Administrador", "Administrador", "{5429CB79-B804-4297-AB27-D262042CB7D5}"
EndProject
Project("{9A19103F-16F7-4668-BE54-9A1E7A4F7556}") = "ApiAdministrador", "ApiAdministrador\ApiAdministrador.csproj", "{2EF401D9-DEF3-4606-84DD-263DF4319224}"
EndProject
Global
	GlobalSection(SolutionConfigurationPlatforms) = preSolution
		Debug|Any CPU = Debug|Any CPU
		Release|Any CPU = Release|Any CPU
	EndGlobalSection
	GlobalSection(ProjectConfigurationPlatforms) = postSolution
		{F2E48BF3-2360-4F85-A465-CA3559C87CB1}.Debug|Any CPU.ActiveCfg = Debug|Any CPU
		{F2E48BF3-2360-4F85-A465-CA3559C87CB1}.Debug|Any CPU.Build.0 = Debug|Any CPU
		{F2E48BF3-2360-4F85-A465-CA3559C87CB1}.Release|Any CPU.ActiveCfg = Release|Any CPU
		{F2E48BF3-2360-4F85-A465-CA3559C87CB1}.Release|Any CPU.Build.0 = Release|Any CPU
		{C49EA2F6-A33F-486A-937B-63A4F6DECDFB}.Debug|Any CPU.ActiveCfg = Debug|Any CPU
		{C49EA2F6-A33F-486A-937B-63A4F6DECDFB}.Debug|Any CPU.Build.0 = Debug|Any CPU
		{C49EA2F6-A33F-486A-937B-63A4F6DECDFB}.Release|Any CPU.ActiveCfg = Release|Any CPU
		{C49EA2F6-A33F-486A-937B-63A4F6DECDFB}.Release|Any CPU.Build.0 = Release|Any CPU
		{7D28B53C-212D-49E0-BA1F-4049F295EECD}.Debug|Any CPU.ActiveCfg = Debug|Any CPU
		{7D28B53C-212D-49E0-BA1F-4049F295EECD}.Debug|Any CPU.Build.0 = Debug|Any CPU
		{7D28B53C-212D-49E0-BA1F-4049F295EECD}.Release|Any CPU.ActiveCfg = Release|Any CPU
		{7D28B53C-212D-49E0-BA1F-4049F295EECD}.Release|Any CPU.Build.0 = Release|Any CPU
		{ECCE7FE1-D8F2-4869-84C5-C0875E39B37C}.Debug|Any CPU.ActiveCfg = Debug|Any CPU
		{ECCE7FE1-D8F2-4869-84C5-C0875E39B37C}.Debug|Any CPU.Build.0 = Debug|Any CPU
		{ECCE7FE1-D8F2-4869-84C5-C0875E39B37C}.Release|Any CPU.ActiveCfg = Release|Any CPU
		{ECCE7FE1-D8F2-4869-84C5-C0875E39B37C}.Release|Any CPU.Build.0 = Release|Any CPU
		{439ACF65-84FC-409A-9D09-B314FE6B77A6}.Debug|Any CPU.ActiveCfg = Debug|Any CPU
		{439ACF65-84FC-409A-9D09-B314FE6B77A6}.Debug|Any CPU.Build.0 = Debug|Any CPU
		{439ACF65-84FC-409A-9D09-B314FE6B77A6}.Release|Any CPU.ActiveCfg = Release|Any CPU
		{439ACF65-84FC-409A-9D09-B314FE6B77A6}.Release|Any CPU.Build.0 = Release|Any CPU
		{3B1CBDAC-C46C-4795-B667-391CD24F7BC1}.Debug|Any CPU.ActiveCfg = Debug|Any CPU
		{3B1CBDAC-C46C-4795-B667-391CD24F7BC1}.Debug|Any CPU.Build.0 = Debug|Any CPU
		{3B1CBDAC-C46C-4795-B667-391CD24F7BC1}.Release|Any CPU.ActiveCfg = Release|Any CPU
		{3B1CBDAC-C46C-4795-B667-391CD24F7BC1}.Release|Any CPU.Build.0 = Release|Any CPU
		{45AA1FE5-DB97-4243-A82B-3A0A24CEE4BE}.Debug|Any CPU.ActiveCfg = Debug|Any CPU
		{45AA1FE5-DB97-4243-A82B-3A0A24CEE4BE}.Debug|Any CPU.Build.0 = Debug|Any CPU
		{45AA1FE5-DB97-4243-A82B-3A0A24CEE4BE}.Release|Any CPU.ActiveCfg = Release|Any CPU
		{45AA1FE5-DB97-4243-A82B-3A0A24CEE4BE}.Release|Any CPU.Build.0 = Release|Any CPU
		{C946053C-6D64-4A4C-ACA0-113DC53CB6D7}.Debug|Any CPU.ActiveCfg = Debug|Any CPU
		{C946053C-6D64-4A4C-ACA0-113DC53CB6D7}.Debug|Any CPU.Build.0 = Debug|Any CPU
		{C946053C-6D64-4A4C-ACA0-113DC53CB6D7}.Release|Any CPU.ActiveCfg = Release|Any CPU
		{C946053C-6D64-4A4C-ACA0-113DC53CB6D7}.Release|Any CPU.Build.0 = Release|Any CPU
		{4CB901F5-8019-491A-8D10-FE10177EA377}.Debug|Any CPU.ActiveCfg = Debug|Any CPU
		{4CB901F5-8019-491A-8D10-FE10177EA377}.Debug|Any CPU.Build.0 = Debug|Any CPU
		{4CB901F5-8019-491A-8D10-FE10177EA377}.Release|Any CPU.ActiveCfg = Release|Any CPU
		{4CB901F5-8019-491A-8D10-FE10177EA377}.Release|Any CPU.Build.0 = Release|Any CPU
		{2EF401D9-DEF3-4606-84DD-263DF4319224}.Debug|Any CPU.ActiveCfg = Debug|Any CPU
		{2EF401D9-DEF3-4606-84DD-263DF4319224}.Debug|Any CPU.Build.0 = Debug|Any CPU
		{2EF401D9-DEF3-4606-84DD-263DF4319224}.Release|Any CPU.ActiveCfg = Release|Any CPU
		{2EF401D9-DEF3-4606-84DD-263DF4319224}.Release|Any CPU.Build.0 = Release|Any CPU
	EndGlobalSection
	GlobalSection(SolutionProperties) = preSolution
		HideSolutionNode = FALSE
	EndGlobalSection
	GlobalSection(NestedProjects) = preSolution
		{B10C53AA-E135-4F7F-99AB-8F111C0A95C8} = {36E57ECC-A1BC-49E9-85BC-F3B24C0C1D43}
		{53C2086D-7F84-498E-B2DE-21C99157A0F1} = {36E57ECC-A1BC-49E9-85BC-F3B24C0C1D43}
		{F2E48BF3-2360-4F85-A465-CA3559C87CB1} = {D892D28D-F315-416E-BFBD-FCA1A8AA7659}
		{C49EA2F6-A33F-486A-937B-63A4F6DECDFB} = {873BEE3C-92D4-4027-9A1F-ACC47CDD920B}
		{97C3CFD3-D4A9-45E5-B771-2BDC3D8B8004} = {17E927AF-CF31-42CA-B46D-49B5265855B1}
		{DB55CDD4-2FE7-4654-8EB0-9F617CE31844} = {17E927AF-CF31-42CA-B46D-49B5265855B1}
		{7D28B53C-212D-49E0-BA1F-4049F295EECD} = {97C3CFD3-D4A9-45E5-B771-2BDC3D8B8004}
		{ECCE7FE1-D8F2-4869-84C5-C0875E39B37C} = {DB55CDD4-2FE7-4654-8EB0-9F617CE31844}
		{4DC7BF23-6AE2-4563-A65E-7EF7D0034AE6} = {160E8B13-597F-49B4-A978-B40ECE324522}
		{E6514832-92AB-4812-91EC-885F1CCB6C32} = {160E8B13-597F-49B4-A978-B40ECE324522}
		{5A447A84-8831-43EC-A768-64AF190F15C1} = {160E8B13-597F-49B4-A978-B40ECE324522}
		{04E91A10-39C1-4D02-BEA0-7FA7DDC105FE} = {160E8B13-597F-49B4-A978-B40ECE324522}
		{439ACF65-84FC-409A-9D09-B314FE6B77A6} = {4DC7BF23-6AE2-4563-A65E-7EF7D0034AE6}
		{3B1CBDAC-C46C-4795-B667-391CD24F7BC1} = {E6514832-92AB-4812-91EC-885F1CCB6C32}
		{FEC0339B-76CB-4A77-8142-C93A90229BA9} = {17E927AF-CF31-42CA-B46D-49B5265855B1}
		{45AA1FE5-DB97-4243-A82B-3A0A24CEE4BE} = {FEC0339B-76CB-4A77-8142-C93A90229BA9}
		{C946053C-6D64-4A4C-ACA0-113DC53CB6D7} = {DB55CDD4-2FE7-4654-8EB0-9F617CE31844}
		{4CB901F5-8019-491A-8D10-FE10177EA377} = {5A447A84-8831-43EC-A768-64AF190F15C1}
		{5429CB79-B804-4297-AB27-D262042CB7D5} = {04E91A10-39C1-4D02-BEA0-7FA7DDC105FE}
		{2EF401D9-DEF3-4606-84DD-263DF4319224} = {5429CB79-B804-4297-AB27-D262042CB7D5}
	EndGlobalSection
	GlobalSection(ExtensibilityGlobals) = postSolution
		SolutionGuid = {5D8442C5-7E49-4465-8766-BAE3ADC73EAF}
	EndGlobalSection
EndGlobal
